
Microsoft Visual Studio Solution File, Format Version 12.00
# Visual Studio Version 17
VisualStudioVersion = 17.10.35013.160
MinimumVisualStudioVersion = 10.0.40219.1
Project("{FAE04EC0-301F-11D3-BF4B-00C04F79EFBC}") = "CSharpOdev3", "CSharpOdev3\CSharpOdev3.csproj", "{456B1722-B4DF-476D-93A6-978237FF427E}"
EndProject
Global
	GlobalSection(SolutionConfigurationPlatforms) = preSolution
		Debug|Any CPU = Debug|Any CPU
		Release|Any CPU = Release|Any CPU
	EndGlobalSection
	GlobalSection(ProjectConfigurationPlatforms) = postSolution
		{456B1722-B4DF-476D-93A6-978237FF427E}.Debug|Any CPU.ActiveCfg = Debug|Any CPU
		{456B1722-B4DF-476D-93A6-978237FF427E}.Debug|Any CPU.Build.0 = Debug|Any CPU
		{456B1722-B4DF-476D-93A6-978237FF427E}.Release|Any CPU.ActiveCfg = Release|Any CPU
		{456B1722-B4DF-476D-93A6-978237FF427E}.Release|Any CPU.Build.0 = Release|Any CPU
	EndGlobalSection
	GlobalSection(SolutionProperties) = preSolution
		HideSolutionNode = FALSE
	EndGlobalSection
	GlobalSection(ExtensibilityGlobals) = postSolution
		SolutionGuid = {A343E1C9-F1B2-426E-A7FD-F318D47F6083}
	EndGlobalSection
EndGlobal
